
Microsoft Visual Studio Solution File, Format Version 12.00
# Visual Studio Version 16
VisualStudioVersion = 16.0.31112.23
MinimumVisualStudioVersion = 10.0.40219.1
Project("{FAE04EC0-301F-11D3-BF4B-00C04F79EFBC}") = "HashTableDemo", "HashTableDemo\HashTableDemo.csproj", "{0C6C91B2-38FA-41C4-8BD6-A8FE571B51DD}"
EndProject
Global
	GlobalSection(SolutionConfigurationPlatforms) = preSolution
		Debug|Any CPU = Debug|Any CPU
		Release|Any CPU = Release|Any CPU
	EndGlobalSection
	GlobalSection(ProjectConfigurationPlatforms) = postSolution
		{0C6C91B2-38FA-41C4-8BD6-A8FE571B51DD}.Debug|Any CPU.ActiveCfg = Debug|Any CPU
		{0C6C91B2-38FA-41C4-8BD6-A8FE571B51DD}.Debug|Any CPU.Build.0 = Debug|Any CPU
		{0C6C91B2-38FA-41C4-8BD6-A8FE571B51DD}.Release|Any CPU.ActiveCfg = Release|Any CPU
		{0C6C91B2-38FA-41C4-8BD6-A8FE571B51DD}.Release|Any CPU.Build.0 = Release|Any CPU
	EndGlobalSection
	GlobalSection(SolutionProperties) = preSolution
		HideSolutionNode = FALSE
	EndGlobalSection
	GlobalSection(ExtensibilityGlobals) = postSolution
		SolutionGuid = {41935FA1-F2A1-4729-89A7-C2DDDEDCC991}
	EndGlobalSection
EndGlobal
